// !$*UTF8*$!
{
	archiveVersion = 1;
	classes = {
	};
	objectVersion = 46;
	objects = {

/* Begin PBXBuildFile section */
		FDE0A5191B648C81002CD5D8 /* main.m in Sources */ = {isa = PBXBuildFile; fileRef = FDE0A5181B648C81002CD5D8 /* main.m */; };
		FDE0A51C1B648C81002CD5D8 /* AppDelegate.m in Sources */ = {isa = PBXBuildFile; fileRef = FDE0A51B1B648C81002CD5D8 /* AppDelegate.m */; };
		FDE0A51F1B648C81002CD5D8 /* ViewController.m in Sources */ = {isa = PBXBuildFile; fileRef = FDE0A51E1B648C81002CD5D8 /* ViewController.m */; };
		FDE0A5221B648C81002CD5D8 /* Main.storyboard in Resources */ = {isa = PBXBuildFile; fileRef = FDE0A5201B648C81002CD5D8 /* Main.storyboard */; };
		FDE0A5241B648C81002CD5D8 /* Images.xcassets in Resources */ = {isa = PBXBuildFile; fileRef = FDE0A5231B648C81002CD5D8 /* Images.xcassets */; };
		FDE0A5271B648C81002CD5D8 /* LaunchScreen.xib in Resources */ = {isa = PBXBuildFile; fileRef = FDE0A5251B648C81002CD5D8 /* LaunchScreen.xib */; };
		FDE0A5331B648C81002CD5D8 /* infinitImageViewTests.m in Sources */ = {isa = PBXBuildFile; fileRef = FDE0A5321B648C81002CD5D8 /* infinitImageViewTests.m */; };
/* End PBXBuildFile section */

/* Begin PBXContainerItemProxy section */
		FDE0A52D1B648C81002CD5D8 /* PBXContainerItemProxy */ = {
			isa = PBXContainerItemProxy;
			containerPortal = FDE0A50B1B648C81002CD5D8 /* Project object */;
			proxyType = 1;
			remoteGlobalIDString = FDE0A5121B648C81002CD5D8;
			remoteInfo = infinitImageView;
		};
/* End PBXContainerItemProxy section */

/* Begin PBXFileReference section */
		FDE0A5131B648C81002CD5D8 /* infinitImageView.app */ = {isa = PBXFileReference; explicitFileType = wrapper.application; includeInIndex = 0; path = infinitImageView.app; sourceTree = BUILT_PRODUCTS_DIR; };
		FDE0A5171B648C81002CD5D8 /* Info.plist */ = {isa = PBXFileReference; lastKnownFileType = text.plist.xml; path = Info.plist; sourceTree = "<group>"; };
		FDE0A5181B648C81002CD5D8 /* main.m */ = {isa = PBXFileReference; lastKnownFileType = sourcecode.c.objc; path = main.m; sourceTree = "<group>"; };
		FDE0A51A1B648C81002CD5D8 /* AppDelegate.h */ = {isa = PBXFileReference; lastKnownFileType = sourcecode.c.h; path = AppDelegate.h; sourceTree = "<group>"; };
		FDE0A51B1B648C81002CD5D8 /* AppDelegate.m */ = {isa = PBXFileReference; lastKnownFileType = sourcecode.c.objc; path = AppDelegate.m; sourceTree = "<group>"; };
		FDE0A51D1B648C81002CD5D8 /* ViewController.h */ = {isa = PBXFileReference; lastKnownFileType = sourcecode.c.h; path = ViewController.h; sourceTree = "<group>"; };
		FDE0A51E1B648C81002CD5D8 /* ViewController.m */ = {isa = PBXFileReference; lastKnownFileType = sourcecode.c.objc; path = ViewController.m; sourceTree = "<group>"; };
		FDE0A5211B648C81002CD5D8 /* Base */ = {isa = PBXFileReference; lastKnownFileType = file.storyboard; name = Base; path = Base.lproj/Main.storyboard; sourceTree = "<group>"; };
		FDE0A5231B648C81002CD5D8 /* Images.xcassets */ = {isa = PBXFileReference; lastKnownFileType = folder.assetcatalog; path = Images.xcassets; sourceTree = "<group>"; };
		FDE0A5261B648C81002CD5D8 /* Base */ = {isa = PBXFileReference; lastKnownFileType = file.xib; name = Base; path = Base.lproj/LaunchScreen.xib; sourceTree = "<group>"; };
		FDE0A52C1B648C81002CD5D8 /* infinitImageViewTests.xctest */ = {isa = PBXFileReference; explicitFileType = wrapper.cfbundle; includeInIndex = 0; path = infinitImageViewTests.xctest; sourceTree = BUILT_PRODUCTS_DIR; };
		FDE0A5311B648C81002CD5D8 /* Info.plist */ = {isa = PBXFileReference; lastKnownFileType = text.plist.xml; path = Info.plist; sourceTree = "<group>"; };
		FDE0A5321B648C81002CD5D8 /* infinitImageViewTests.m */ = {isa = PBXFileReference; lastKnownFileType = sourcecode.c.objc; path = infinitImageViewTests.m; sourceTree = "<group>"; };
/* End PBXFileReference section */

/* Begin PBXFrameworksBuildPhase section */
		FDE0A5101B648C81002CD5D8 /* Frameworks */ = {
			isa = PBXFrameworksBuildPhase;
			buildActionMask = 2147483647;
			files = (
			);
			runOnlyForDeploymentPostprocessing = 0;
		};
		FDE0A5291B648C81002CD5D8 /* Frameworks */ = {
			isa = PBXFrameworksBuildPhase;
			buildActionMask = 2147483647;
			files = (
			);
			runOnlyForDeploymentPostprocessing = 0;
		};
/* End PBXFrameworksBuildPhase section */

/* Begin PBXGroup section */
		FDE0A50A1B648C81002CD5D8 = {
			isa = PBXGroup;
			children = (
				FDE0A5151B648C81002CD5D8 /* infinitImageView */,
				FDE0A52F1B648C81002CD5D8 /* infinitImageViewTests */,
				FDE0A5141B648C81002CD5D8 /* Products */,
			);
			sourceTree = "<group>";
		};
		FDE0A5141B648C81002CD5D8 /* Products */ = {
			isa = PBXGroup;
			children = (
				FDE0A5131B648C81002CD5D8 /* infinitImageView.app */,
				FDE0A52C1B648C81002CD5D8 /* infinitImageViewTests.xctest */,
			);
			name = Products;
			sourceTree = "<group>";
		};
		FDE0A5151B648C81002CD5D8 /* infinitImageView */ = {
			isa = PBXGroup;
			children = (
				FDE0A51A1B648C81002CD5D8 /* AppDelegate.h */,
				FDE0A51B1B648C81002CD5D8 /* AppDelegate.m */,
				FDE0A51D1B648C81002CD5D8 /* ViewController.h */,
				FDE0A51E1B648C81002CD5D8 /* ViewController.m */,
				FDE0A5201B648C81002CD5D8 /* Main.storyboard */,
				FDE0A5231B648C81002CD5D8 /* Images.xcassets */,
				FDE0A5251B648C81002CD5D8 /* LaunchScreen.xib */,
				FDE0A5161B648C81002CD5D8 /* Supporting Files */,
			);
			path = infinitImageView;
			sourceTree = "<group>";
		};
		FDE0A5161B648C81002CD5D8 /* Supporting Files */ = {
			isa = PBXGroup;
			children = (
				FDE0A5171B648C81002CD5D8 /* Info.plist */,
				FDE0A5181B648C81002CD5D8 /* main.m */,
			);
			name = "Supporting Files";
			sourceTree = "<group>";
		};
		FDE0A52F1B648C81002CD5D8 /* infinitImageViewTests */ = {
			isa = PBXGroup;
			children = (
				FDE0A5321B648C81002CD5D8 /* infinitImageViewTests.m */,
				FDE0A5301B648C81002CD5D8 /* Supporting Files */,
			);
			path = infinitImageViewTests;
			sourceTree = "<group>";
		};
		FDE0A5301B648C81002CD5D8 /* Supporting Files */ = {
			isa = PBXGroup;
			children = (
				FDE0A5311B648C81002CD5D8 /* Info.plist */,
			);
			name = "Supporting Files";
			sourceTree = "<group>";
		};
/* End PBXGroup section */

/* Begin PBXNativeTarget section */
		FDE0A5121B648C81002CD5D8 /* infinitImageView */ = {
			isa = PBXNativeTarget;
			buildConfigurationList = FDE0A5361B648C81002CD5D8 /* Build configuration list for PBXNativeTarget "infinitImageView" */;
			buildPhases = (
				FDE0A50F1B648C81002CD5D8 /* Sources */,
				FDE0A5101B648C81002CD5D8 /* Frameworks */,
				FDE0A5111B648C81002CD5D8 /* Resources */,
			);
			buildRules = (
			);
			dependencies = (
			);
			name = infinitImageView;
			productName = infinitImageView;
			productReference = FDE0A5131B648C81002CD5D8 /* infinitImageView.app */;
			productType = "com.apple.product-type.application";
		};
		FDE0A52B1B648C81002CD5D8 /* infinitImageViewTests */ = {
			isa = PBXNativeTarget;
			buildConfigurationList = FDE0A5391B648C81002CD5D8 /* Build configuration list for PBXNativeTarget "infinitImageViewTests" */;
			buildPhases = (
				FDE0A5281B648C81002CD5D8 /* Sources */,
				FDE0A5291B648C81002CD5D8 /* Frameworks */,
				FDE0A52A1B648C81002CD5D8 /* Resources */,
			);
			buildRules = (
			);
			dependencies = (
				FDE0A52E1B648C81002CD5D8 /* PBXTargetDependency */,
			);
			name = infinitImageViewTests;
			productName = infinitImageViewTests;
			productReference = FDE0A52C1B648C81002CD5D8 /* infinitImageViewTests.xctest */;
			productType = "com.apple.product-type.bundle.unit-test";
		};
/* End PBXNativeTarget section */

/* Begin PBXProject section */
		FDE0A50B1B648C81002CD5D8 /* Project object */ = {
			isa = PBXProject;
			attributes = {
				LastUpgradeCheck = 0640;
				ORGANIZATIONNAME = "seta cheam";
				TargetAttributes = {
					FDE0A5121B648C81002CD5D8 = {
						CreatedOnToolsVersion = 6.4;
					};
					FDE0A52B1B648C81002CD5D8 = {
						CreatedOnToolsVersion = 6.4;
						TestTargetID = FDE0A5121B648C81002CD5D8;
					};
				};
			};
			buildConfigurationList = FDE0A50E1B648C81002CD5D8 /* Build configuration list for PBXProject "infinitImageView" */;
			compatibilityVersion = "Xcode 3.2";
			developmentRegion = English;
			hasScannedForEncodings = 0;
			knownRegions = (
				en,
				Base,
			);
			mainGroup = FDE0A50A1B648C81002CD5D8;
			productRefGroup = FDE0A5141B648C81002CD5D8 /* Products */;
			projectDirPath = "";
			projectRoot = "";
			targets = (
				FDE0A5121B648C81002CD5D8 /* infinitImageView */,
				FDE0A52B1B648C81002CD5D8 /* infinitImageViewTests */,
			);
		};
/* End PBXProject section */

/* Begin PBXResourcesBuildPhase section */
		FDE0A5111B648C81002CD5D8 /* Resources */ = {
			isa = PBXResourcesBuildPhase;
			buildActionMask = 2147483647;
			files = (
				FDE0A5221B648C81002CD5D8 /* Main.storyboard in Resources */,
				FDE0A5271B648C81002CD5D8 /* LaunchScreen.xib in Resources */,
				FDE0A5241B648C81002CD5D8 /* Images.xcassets in Resources */,
			);
			runOnlyForDeploymentPostprocessing = 0;
		};
		FDE0A52A1B648C81002CD5D8 /* Resources */ = {
			isa = PBXResourcesBuildPhase;
			buildActionMask = 2147483647;
			files = (
			);
			runOnlyForDeploymentPostprocessing = 0;
		};
/* End PBXResourcesBuildPhase section */

/* Begin PBXSourcesBuildPhase section */
		FDE0A50F1B648C81002CD5D8 /* Sources */ = {
			isa = PBXSourcesBuildPhase;
			buildActionMask = 2147483647;
			files = (
				FDE0A51F1B648C81002CD5D8 /* ViewController.m in Sources */,
				FDE0A51C1B648C81002CD5D8 /* AppDelegate.m in Sources */,
				FDE0A5191B648C81002CD5D8 /* main.m in Sources */,
			);
			runOnlyForDeploymentPostprocessing = 0;
		};
		FDE0A5281B648C81002CD5D8 /* Sources */ = {
			isa = PBXSourcesBuildPhase;
			buildActionMask = 2147483647;
			files = (
				FDE0A5331B648C81002CD5D8 /* infinitImageViewTests.m in Sources */,
			);
			runOnlyForDeploymentPostprocessing = 0;
		};
/* End PBXSourcesBuildPhase section */

/* Begin PBXTargetDependency section */
		FDE0A52E1B648C81002CD5D8 /* PBXTargetDependency */ = {
			isa = PBXTargetDependency;
			target = FDE0A5121B648C81002CD5D8 /* infinitImageView */;
			targetProxy = FDE0A52D1B648C81002CD5D8 /* PBXContainerItemProxy */;
		};
/* End PBXTargetDependency section */

/* Begin PBXVariantGroup section */
		FDE0A5201B648C81002CD5D8 /* Main.storyboard */ = {
			isa = PBXVariantGroup;
			children = (
				FDE0A5211B648C81002CD5D8 /* Base */,
			);
			name = Main.storyboard;
			sourceTree = "<group>";
		};
		FDE0A5251B648C81002CD5D8 /* LaunchScreen.xib */ = {
			isa = PBXVariantGroup;
			children = (
				FDE0A5261B648C81002CD5D8 /* Base */,
			);
			name = LaunchScreen.xib;
			sourceTree = "<group>";
		};
/* End PBXVariantGroup section */

/* Begin XCBuildConfiguration section */
		FDE0A5341B648C81002CD5D8 /* Debug */ = {
			isa = XCBuildConfiguration;
			buildSettings = {
				ALWAYS_SEARCH_USER_PATHS = NO;
				CLANG_CXX_LANGUAGE_STANDARD = "gnu++0x";
				CLANG_CXX_LIBRARY = "libc++";
				CLANG_ENABLE_MODULES = YES;
				CLANG_ENABLE_OBJC_ARC = YES;
				CLANG_WARN_BOOL_CONVERSION = YES;
				CLANG_WARN_CONSTANT_CONVERSION = YES;
				CLANG_WARN_DIRECT_OBJC_ISA_USAGE = YES_ERROR;
				CLANG_WARN_EMPTY_BODY = YES;
				CLANG_WARN_ENUM_CONVERSION = YES;
				CLANG_WARN_INT_CONVERSION = YES;
				CLANG_WARN_OBJC_ROOT_CLASS = YES_ERROR;
				CLANG_WARN_UNREACHABLE_CODE = YES;
				CLANG_WARN__DUPLICATE_METHOD_MATCH = YES;
				"CODE_SIGN_IDENTITY[sdk=iphoneos*]" = "iPhone Developer";
				COPY_PHASE_STRIP = NO;
				DEBUG_INFORMATION_FORMAT = "dwarf-with-dsym";
				ENABLE_STRICT_OBJC_MSGSEND = YES;
				GCC_C_LANGUAGE_STANDARD = gnu99;
				GCC_DYNAMIC_NO_PIC = NO;
				GCC_NO_COMMON_BLOCKS = YES;
				GCC_OPTIMIZATION_LEVEL = 0;
				GCC_PREPROCESSOR_DEFINITIONS = (
					"DEBUG=1",
					"$(inherited)",
				);
				GCC_SYMBOLS_PRIVATE_EXTERN = NO;
				GCC_WARN_64_TO_32_BIT_CONVERSION = YES;
				GCC_WARN_ABOUT_RETURN_TYPE = YES_ERROR;
				GCC_WARN_UNDECLARED_SELECTOR = YES;
				GCC_WARN_UNINITIALIZED_AUTOS = YES_AGGRESSIVE;
				GCC_WARN_UNUSED_FUNCTION = YES;
				GCC_WARN_UNUSED_VARIABLE = YES;
				IPHONEOS_DEPLOYMENT_TARGET = 8.4;
				MTL_ENABLE_DEBUG_INFO = YES;
				ONLY_ACTIVE_ARCH = YES;
				SDKROOT = iphoneos;
			};
			name = Debug;
		};
		FDE0A5351B648C81002CD5D8 /* Release */ = {
			isa = XCBuildConfiguration;
			buildSettings = {
				ALWAYS_SEARCH_USER_PATHS = NO;
				CLANG_CXX_LANGUAGE_STANDARD = "gnu++0x";
				CLANG_CXX_LIBRARY = "libc++";
				CLANG_ENABLE_MODULES = YES;
				CLANG_ENABLE_OBJC_ARC = YES;
				CLANG_WARN_BOOL_CONVERSION = YES;
				CLANG_WARN_CONSTANT_CONVERSION = YES;
				CLANG_WARN_DIRECT_OBJC_ISA_USAGE = YES_ERROR;
				CLANG_WARN_EMPTY_BODY = YES;
				CLANG_WARN_ENUM_CONVERSION = YES;
				CLANG_WARN_INT_CONVERSION = YES;
				CLANG_WARN_OBJC_ROOT_CLASS = YES_ERROR;
				CLANG_WARN_UNREACHABLE_CODE = YES;
				CLANG_WARN__DUPLICATE_METHOD_MATCH = YES;
				"CODE_SIGN_IDENTITY[sdk=iphoneos*]" = "iPhone Developer";
				COPY_PHASE_STRIP = NO;
				DEBUG_INFORMATION_FORMAT = "dwarf-with-dsym";
				ENABLE_NS_ASSERTIONS = NO;
				ENABLE_STRICT_OBJC_MSGSEND = YES;
				GCC_C_LANGUAGE_STANDARD = gnu99;
				GCC_NO_COMMON_BLOCKS = YES;
				GCC_WARN_64_TO_32_BIT_CONVERSION = YES;
				GCC_WARN_ABOUT_RETURN_TYPE = YES_ERROR;
				GCC_WARN_UNDECLARED_SELECTOR = YES;
				GCC_WARN_UNINITIALIZED_AUTOS = YES_AGGRESSIVE;
				GCC_WARN_UNUSED_FUNCTION = YES;
				GCC_WARN_UNUSED_VARIABLE = YES;
				IPHONEOS_DEPLOYMENT_TARGET = 8.4;
				MTL_ENABLE_DEBUG_INFO = NO;
				SDKROOT = iphoneos;
				VALIDATE_PRODUCT = YES;
			};
			name = Release;
		};
		FDE0A5371B648C81002CD5D8 /* Debug */ = {
			isa = XCBuildConfiguration;
			buildSettings = {
				ASSETCATALOG_COMPILER_APPICON_NAME = AppIcon;
				INFOPLIST_FILE = infinitImageView/Info.plist;
				LD_RUNPATH_SEARCH_PATHS = "$(inherited) @executable_path/Frameworks";
				PRODUCT_NAME = "$(TARGET_NAME)";
			};
			name = Debug;
		};
		FDE0A5381B648C81002CD5D8 /* Release */ = {
			isa = XCBuildConfiguration;
			buildSettings = {
				ASSETCATALOG_COMPILER_APPICON_NAME = AppIcon;
				INFOPLIST_FILE = infinitImageView/Info.plist;
				LD_RUNPATH_SEARCH_PATHS = "$(inherited) @executable_path/Frameworks";
				PRODUCT_NAME = "$(TARGET_NAME)";
			};
			name = Release;
		};
		FDE0A53A1B648C81002CD5D8 /* Debug */ = {
			isa = XCBuildConfiguration;
			buildSettings = {
				BUNDLE_LOADER = "$(TEST_HOST)";
				FRAMEWORK_SEARCH_PATHS = (
					"$(SDKROOT)/Developer/Library/Frameworks",
					"$(inherited)",
				);
				GCC_PREPROCESSOR_DEFINITIONS = (
					"DEBUG=1",
					"$(inherited)",
				);
				INFOPLIST_FILE = infinitImageViewTests/Info.plist;
				LD_RUNPATH_SEARCH_PATHS = "$(inherited) @executable_path/Frameworks @loader_path/Frameworks";
				PRODUCT_NAME = "$(TARGET_NAME)";
				TEST_HOST = "$(BUILT_PRODUCTS_DIR)/infinitImageView.app/infinitImageView";
			};
			name = Debug;
		};
		FDE0A53B1B648C81002CD5D8 /* Release */ = {
			isa = XCBuildConfiguration;
			buildSettings = {
				BUNDLE_LOADER = "$(TEST_HOST)";
				FRAMEWORK_SEARCH_PATHS = (
					"$(SDKROOT)/Developer/Library/Frameworks",
					"$(inherited)",
				);
				INFOPLIST_FILE = infinitImageViewTests/Info.plist;
				LD_RUNPATH_SEARCH_PATHS = "$(inherited) @executable_path/Frameworks @loader_path/Frameworks";
				PRODUCT_NAME = "$(TARGET_NAME)";
				TEST_HOST = "$(BUILT_PRODUCTS_DIR)/infinitImageView.app/infinitImageView";
			};
			name = Release;
		};
/* End XCBuildConfiguration section */

/* Begin XCConfigurationList section */
		FDE0A50E1B648C81002CD5D8 /* Build configuration list for PBXProject "infinitImageView" */ = {
			isa = XCConfigurationList;
			buildConfigurations = (
				FDE0A5341B648C81002CD5D8 /* Debug */,
				FDE0A5351B648C81002CD5D8 /* Release */,
			);
			defaultConfigurationIsVisible = 0;
			defaultConfigurationName = Release;
		};
		FDE0A5361B648C81002CD5D8 /* Build configuration list for PBXNativeTarget "infinitImageView" */ = {
			isa = XCConfigurationList;
			buildConfigurations = (
				FDE0A5371B648C81002CD5D8 /* Debug */,
				FDE0A5381B648C81002CD5D8 /* Release */,
			);
			defaultConfigurationIsVisible = 0;
		};
		FDE0A5391B648C81002CD5D8 /* Build configuration list for PBXNativeTarget "infinitImageViewTests" */ = {
			isa = XCConfigurationList;
			buildConfigurations = (
				FDE0A53A1B648C81002CD5D8 /* Debug */,
				FDE0A53B1B648C81002CD5D8 /* Release */,
			);
			defaultConfigurationIsVisible = 0;
		};
/* End XCConfigurationList section */
	};
	rootObject = FDE0A50B1B648C81002CD5D8 /* Project object */;
}
